// !$*UTF8*$!
{
	archiveVersion = 1;
	classes = {
	};
	objectVersion = 50;
	objects = {

/* Begin PBXBuildFile section */
		382151032489733E001C5687 /* RoupasViewController.swift in Sources */ = {isa = PBXBuildFile; fileRef = 382151022489733E001C5687 /* RoupasViewController.swift */; };
		38215106248973DC001C5687 /* RoupasCollectionViewCell.swift in Sources */ = {isa = PBXBuildFile; fileRef = 38215104248973DC001C5687 /* RoupasCollectionViewCell.swift */; };
		38215107248973DC001C5687 /* RoupasCollectionViewCell.xib in Resources */ = {isa = PBXBuildFile; fileRef = 38215105248973DC001C5687 /* RoupasCollectionViewCell.xib */; };
		3821510924898094001C5687 /* ImgRoupaViewController.swift in Sources */ = {isa = PBXBuildFile; fileRef = 3821510824898094001C5687 /* ImgRoupaViewController.swift */; };
		38F8718A2481AE8700DD291D /* Roupas.storyboard in Resources */ = {isa = PBXBuildFile; fileRef = 38F871892481AE8700DD291D /* Roupas.storyboard */; };
		F227CFAC248AC627005C429D /* MoodBoard.swift in Sources */ = {isa = PBXBuildFile; fileRef = F227CFAB248AC627005C429D /* MoodBoard.swift */; };
		F25B8ABB2480291F00E572D1 /* GuardaRoupa.storyboard in Resources */ = {isa = PBXBuildFile; fileRef = F25B8ABA2480291F00E572D1 /* GuardaRoupa.storyboard */; };
		F25B8ABD2480458300E572D1 /* GuardaRoupa.swift in Sources */ = {isa = PBXBuildFile; fileRef = F25B8ABC2480458300E572D1 /* GuardaRoupa.swift */; };
		F25B8ABF248055FB00E572D1 /* ImagemTeste.png in Resources */ = {isa = PBXBuildFile; fileRef = F25B8ABE248055FA00E572D1 /* ImagemTeste.png */; };
		F280404C247FF069002DAF48 /* AppDelegate.swift in Sources */ = {isa = PBXBuildFile; fileRef = F280404B247FF069002DAF48 /* AppDelegate.swift */; };
		F280404E247FF069002DAF48 /* SceneDelegate.swift in Sources */ = {isa = PBXBuildFile; fileRef = F280404D247FF069002DAF48 /* SceneDelegate.swift */; };
		F2804053247FF069002DAF48 /* Main.storyboard in Resources */ = {isa = PBXBuildFile; fileRef = F2804051247FF069002DAF48 /* Main.storyboard */; };
		F2804056247FF069002DAF48 /* MoodBoard.xcdatamodeld in Sources */ = {isa = PBXBuildFile; fileRef = F2804054247FF069002DAF48 /* MoodBoard.xcdatamodeld */; };
		F2804058247FF06C002DAF48 /* Assets.xcassets in Resources */ = {isa = PBXBuildFile; fileRef = F2804057247FF06C002DAF48 /* Assets.xcassets */; };
		F280405B247FF06C002DAF48 /* LaunchScreen.storyboard in Resources */ = {isa = PBXBuildFile; fileRef = F2804059247FF06C002DAF48 /* LaunchScreen.storyboard */; };
		F2BFCD8D2481817700A2FA30 /* ProcedimentosBD.swift in Sources */ = {isa = PBXBuildFile; fileRef = F2BFCD8C2481817700A2FA30 /* ProcedimentosBD.swift */; };
		F2DCEA34248C1DEA00BB510B /* MoodBoardViewCell.swift in Sources */ = {isa = PBXBuildFile; fileRef = F2DCEA33248C1DEA00BB510B /* MoodBoardViewCell.swift */; };
		F2DCEA36248C212000BB510B /* MoodBoardViewCell.xib in Resources */ = {isa = PBXBuildFile; fileRef = F2DCEA35248C212000BB510B /* MoodBoardViewCell.xib */; };
		F2E8E17624897C9A005A4172 /* MoodBoard.storyboard in Resources */ = {isa = PBXBuildFile; fileRef = F2E8E17524897C9A005A4172 /* MoodBoard.storyboard */; };
		F2E8E17824897D4F005A4172 /* MoodBoardView.swift in Sources */ = {isa = PBXBuildFile; fileRef = F2E8E17724897D4F005A4172 /* MoodBoardView.swift */; };
/* End PBXBuildFile section */

/* Begin PBXFileReference section */
		382151022489733E001C5687 /* RoupasViewController.swift */ = {isa = PBXFileReference; lastKnownFileType = sourcecode.swift; path = RoupasViewController.swift; sourceTree = "<group>"; };
		38215104248973DC001C5687 /* RoupasCollectionViewCell.swift */ = {isa = PBXFileReference; lastKnownFileType = sourcecode.swift; path = RoupasCollectionViewCell.swift; sourceTree = "<group>"; };
		38215105248973DC001C5687 /* RoupasCollectionViewCell.xib */ = {isa = PBXFileReference; lastKnownFileType = file.xib; path = RoupasCollectionViewCell.xib; sourceTree = "<group>"; };
		3821510824898094001C5687 /* ImgRoupaViewController.swift */ = {isa = PBXFileReference; lastKnownFileType = sourcecode.swift; path = ImgRoupaViewController.swift; sourceTree = "<group>"; };
		38F871892481AE8700DD291D /* Roupas.storyboard */ = {isa = PBXFileReference; lastKnownFileType = file.storyboard; path = Roupas.storyboard; sourceTree = "<group>"; };
		F227CFAB248AC627005C429D /* MoodBoard.swift */ = {isa = PBXFileReference; lastKnownFileType = sourcecode.swift; path = MoodBoard.swift; sourceTree = "<group>"; };
		F25B8ABA2480291F00E572D1 /* GuardaRoupa.storyboard */ = {isa = PBXFileReference; lastKnownFileType = file.storyboard; path = GuardaRoupa.storyboard; sourceTree = "<group>"; };
		F25B8ABC2480458300E572D1 /* GuardaRoupa.swift */ = {isa = PBXFileReference; lastKnownFileType = sourcecode.swift; path = GuardaRoupa.swift; sourceTree = "<group>"; };
		F25B8ABE248055FA00E572D1 /* ImagemTeste.png */ = {isa = PBXFileReference; lastKnownFileType = image.png; path = ImagemTeste.png; sourceTree = "<group>"; };
		F2804048247FF069002DAF48 /* LookBoard.app */ = {isa = PBXFileReference; explicitFileType = wrapper.application; includeInIndex = 0; path = LookBoard.app; sourceTree = BUILT_PRODUCTS_DIR; };
		F280404B247FF069002DAF48 /* AppDelegate.swift */ = {isa = PBXFileReference; lastKnownFileType = sourcecode.swift; path = AppDelegate.swift; sourceTree = "<group>"; };
		F280404D247FF069002DAF48 /* SceneDelegate.swift */ = {isa = PBXFileReference; lastKnownFileType = sourcecode.swift; path = SceneDelegate.swift; sourceTree = "<group>"; };
		F2804052247FF069002DAF48 /* Base */ = {isa = PBXFileReference; lastKnownFileType = file.storyboard; name = Base; path = Base.lproj/Main.storyboard; sourceTree = "<group>"; };
		F2804055247FF069002DAF48 /* MoodBoard.xcdatamodel */ = {isa = PBXFileReference; lastKnownFileType = wrapper.xcdatamodel; path = MoodBoard.xcdatamodel; sourceTree = "<group>"; };
		F2804057247FF06C002DAF48 /* Assets.xcassets */ = {isa = PBXFileReference; lastKnownFileType = folder.assetcatalog; path = Assets.xcassets; sourceTree = "<group>"; };
		F280405A247FF06C002DAF48 /* Base */ = {isa = PBXFileReference; lastKnownFileType = file.storyboard; name = Base; path = Base.lproj/LaunchScreen.storyboard; sourceTree = "<group>"; };
		F280405C247FF06C002DAF48 /* Info.plist */ = {isa = PBXFileReference; lastKnownFileType = text.plist.xml; path = Info.plist; sourceTree = "<group>"; };
		F2BFCD8C2481817700A2FA30 /* ProcedimentosBD.swift */ = {isa = PBXFileReference; lastKnownFileType = sourcecode.swift; path = ProcedimentosBD.swift; sourceTree = "<group>"; };
		F2DCEA33248C1DEA00BB510B /* MoodBoardViewCell.swift */ = {isa = PBXFileReference; lastKnownFileType = sourcecode.swift; path = MoodBoardViewCell.swift; sourceTree = "<group>"; };
		F2DCEA35248C212000BB510B /* MoodBoardViewCell.xib */ = {isa = PBXFileReference; lastKnownFileType = file.xib; path = MoodBoardViewCell.xib; sourceTree = "<group>"; };
		F2E8E17524897C9A005A4172 /* MoodBoard.storyboard */ = {isa = PBXFileReference; lastKnownFileType = file.storyboard; path = MoodBoard.storyboard; sourceTree = "<group>"; };
		F2E8E17724897D4F005A4172 /* MoodBoardView.swift */ = {isa = PBXFileReference; lastKnownFileType = sourcecode.swift; path = MoodBoardView.swift; sourceTree = "<group>"; };
/* End PBXFileReference section */

/* Begin PBXFrameworksBuildPhase section */
		F2804045247FF069002DAF48 /* Frameworks */ = {
			isa = PBXFrameworksBuildPhase;
			buildActionMask = 2147483647;
			files = (
			);
			runOnlyForDeploymentPostprocessing = 0;
		};
/* End PBXFrameworksBuildPhase section */

/* Begin PBXGroup section */
		F25B8AB8248028DA00E572D1 /* Source Code */ = {
			isa = PBXGroup;
			children = (
				F25B8ABC2480458300E572D1 /* GuardaRoupa.swift */,
				F2BFCD8C2481817700A2FA30 /* ProcedimentosBD.swift */,
				382151022489733E001C5687 /* RoupasViewController.swift */,
				38215104248973DC001C5687 /* RoupasCollectionViewCell.swift */,
				38215105248973DC001C5687 /* RoupasCollectionViewCell.xib */,
				3821510824898094001C5687 /* ImgRoupaViewController.swift */,
				F2E8E17724897D4F005A4172 /* MoodBoardView.swift */,
				F227CFAB248AC627005C429D /* MoodBoard.swift */,
				F2DCEA33248C1DEA00BB510B /* MoodBoardViewCell.swift */,
				F2DCEA35248C212000BB510B /* MoodBoardViewCell.xib */,
			);
			path = "Source Code";
			sourceTree = "<group>";
		};
		F25B8AB9248028E800E572D1 /* Storyboards */ = {
			isa = PBXGroup;
			children = (
				F25B8ABA2480291F00E572D1 /* GuardaRoupa.storyboard */,
				38F871892481AE8700DD291D /* Roupas.storyboard */,
				F2E8E17524897C9A005A4172 /* MoodBoard.storyboard */,
			);
			path = Storyboards;
			sourceTree = "<group>";
		};
		F280403F247FF069002DAF48 = {
			isa = PBXGroup;
			children = (
				F25B8AB9248028E800E572D1 /* Storyboards */,
				F25B8AB8248028DA00E572D1 /* Source Code */,
				F280404A247FF069002DAF48 /* MoodBoard */,
				F2804049247FF069002DAF48 /* Products */,
			);
			sourceTree = "<group>";
		};
		F2804049247FF069002DAF48 /* Products */ = {
			isa = PBXGroup;
			children = (
				F2804048247FF069002DAF48 /* LookBoard.app */,
			);
			name = Products;
			sourceTree = "<group>";
		};
		F280404A247FF069002DAF48 /* MoodBoard */ = {
			isa = PBXGroup;
			children = (
				F280404B247FF069002DAF48 /* AppDelegate.swift */,
				F280404D247FF069002DAF48 /* SceneDelegate.swift */,
				F2804051247FF069002DAF48 /* Main.storyboard */,
				F2804057247FF06C002DAF48 /* Assets.xcassets */,
				F25B8ABE248055FA00E572D1 /* ImagemTeste.png */,
				F2804059247FF06C002DAF48 /* LaunchScreen.storyboard */,
				F280405C247FF06C002DAF48 /* Info.plist */,
				F2804054247FF069002DAF48 /* MoodBoard.xcdatamodeld */,
			);
			path = MoodBoard;
			sourceTree = "<group>";
		};
/* End PBXGroup section */

/* Begin PBXNativeTarget section */
		F2804047247FF069002DAF48 /* MoodBoard */ = {
			isa = PBXNativeTarget;
			buildConfigurationList = F280405F247FF06C002DAF48 /* Build configuration list for PBXNativeTarget "MoodBoard" */;
			buildPhases = (
				F2804044247FF069002DAF48 /* Sources */,
				F2804045247FF069002DAF48 /* Frameworks */,
				F2804046247FF069002DAF48 /* Resources */,
			);
			buildRules = (
			);
			dependencies = (
			);
			name = MoodBoard;
			productName = MoodBoard;
			productReference = F2804048247FF069002DAF48 /* LookBoard.app */;
			productType = "com.apple.product-type.application";
		};
/* End PBXNativeTarget section */

/* Begin PBXProject section */
		F2804040247FF069002DAF48 /* Project object */ = {
			isa = PBXProject;
			attributes = {
				LastSwiftUpdateCheck = 1150;
				LastUpgradeCheck = 1150;
				ORGANIZATIONNAME = "Jader e Rodrigo";
				TargetAttributes = {
					F2804047247FF069002DAF48 = {
						CreatedOnToolsVersion = 11.5;
					};
				};
			};
			buildConfigurationList = F2804043247FF069002DAF48 /* Build configuration list for PBXProject "MoodBoard" */;
			compatibilityVersion = "Xcode 9.3";
			developmentRegion = en;
			hasScannedForEncodings = 0;
			knownRegions = (
				en,
				Base,
			);
			mainGroup = F280403F247FF069002DAF48;
			productRefGroup = F2804049247FF069002DAF48 /* Products */;
			projectDirPath = "";
			projectRoot = "";
			targets = (
				F2804047247FF069002DAF48 /* MoodBoard */,
			);
		};
/* End PBXProject section */

/* Begin PBXResourcesBuildPhase section */
		F2804046247FF069002DAF48 /* Resources */ = {
			isa = PBXResourcesBuildPhase;
			buildActionMask = 2147483647;
			files = (
				F25B8ABF248055FB00E572D1 /* ImagemTeste.png in Resources */,
				F25B8ABB2480291F00E572D1 /* GuardaRoupa.storyboard in Resources */,
				F280405B247FF06C002DAF48 /* LaunchScreen.storyboard in Resources */,
				F2E8E17624897C9A005A4172 /* MoodBoard.storyboard in Resources */,
				F2804058247FF06C002DAF48 /* Assets.xcassets in Resources */,
				38215107248973DC001C5687 /* RoupasCollectionViewCell.xib in Resources */,
				F2DCEA36248C212000BB510B /* MoodBoardViewCell.xib in Resources */,
				38F8718A2481AE8700DD291D /* Roupas.storyboard in Resources */,
				F2804053247FF069002DAF48 /* Main.storyboard in Resources */,
			);
			runOnlyForDeploymentPostprocessing = 0;
		};
/* End PBXResourcesBuildPhase section */

/* Begin PBXSourcesBuildPhase section */
		F2804044247FF069002DAF48 /* Sources */ = {
			isa = PBXSourcesBuildPhase;
			buildActionMask = 2147483647;
			files = (
				38215106248973DC001C5687 /* RoupasCollectionViewCell.swift in Sources */,
				382151032489733E001C5687 /* RoupasViewController.swift in Sources */,
				3821510924898094001C5687 /* ImgRoupaViewController.swift in Sources */,
				F227CFAC248AC627005C429D /* MoodBoard.swift in Sources */,
				F2DCEA34248C1DEA00BB510B /* MoodBoardViewCell.swift in Sources */,
				F2E8E17824897D4F005A4172 /* MoodBoardView.swift in Sources */,
				F25B8ABD2480458300E572D1 /* GuardaRoupa.swift in Sources */,
				F2BFCD8D2481817700A2FA30 /* ProcedimentosBD.swift in Sources */,
				F2804056247FF069002DAF48 /* MoodBoard.xcdatamodeld in Sources */,
				F280404C247FF069002DAF48 /* AppDelegate.swift in Sources */,
				F280404E247FF069002DAF48 /* SceneDelegate.swift in Sources */,
			);
			runOnlyForDeploymentPostprocessing = 0;
		};
/* End PBXSourcesBuildPhase section */

/* Begin PBXVariantGroup section */
		F2804051247FF069002DAF48 /* Main.storyboard */ = {
			isa = PBXVariantGroup;
			children = (
				F2804052247FF069002DAF48 /* Base */,
			);
			name = Main.storyboard;
			sourceTree = "<group>";
		};
		F2804059247FF06C002DAF48 /* LaunchScreen.storyboard */ = {
			isa = PBXVariantGroup;
			children = (
				F280405A247FF06C002DAF48 /* Base */,
			);
			name = LaunchScreen.storyboard;
			sourceTree = "<group>";
		};
/* End PBXVariantGroup section */

/* Begin XCBuildConfiguration section */
		F280405D247FF06C002DAF48 /* Debug */ = {
			isa = XCBuildConfiguration;
			buildSettings = {
				ALWAYS_SEARCH_USER_PATHS = NO;
				CLANG_ANALYZER_NONNULL = YES;
				CLANG_ANALYZER_NUMBER_OBJECT_CONVERSION = YES_AGGRESSIVE;
				CLANG_CXX_LANGUAGE_STANDARD = "gnu++14";
				CLANG_CXX_LIBRARY = "libc++";
				CLANG_ENABLE_MODULES = YES;
				CLANG_ENABLE_OBJC_ARC = YES;
				CLANG_ENABLE_OBJC_WEAK = YES;
				CLANG_WARN_BLOCK_CAPTURE_AUTORELEASING = YES;
				CLANG_WARN_BOOL_CONVERSION = YES;
				CLANG_WARN_COMMA = YES;
				CLANG_WARN_CONSTANT_CONVERSION = YES;
				CLANG_WARN_DEPRECATED_OBJC_IMPLEMENTATIONS = YES;
				CLANG_WARN_DIRECT_OBJC_ISA_USAGE = YES_ERROR;
				CLANG_WARN_DOCUMENTATION_COMMENTS = YES;
				CLANG_WARN_EMPTY_BODY = YES;
				CLANG_WARN_ENUM_CONVERSION = YES;
				CLANG_WARN_INFINITE_RECURSION = YES;
				CLANG_WARN_INT_CONVERSION = YES;
				CLANG_WARN_NON_LITERAL_NULL_CONVERSION = YES;
				CLANG_WARN_OBJC_IMPLICIT_RETAIN_SELF = YES;
				CLANG_WARN_OBJC_LITERAL_CONVERSION = YES;
				CLANG_WARN_OBJC_ROOT_CLASS = YES_ERROR;
				CLANG_WARN_RANGE_LOOP_ANALYSIS = YES;
				CLANG_WARN_STRICT_PROTOTYPES = YES;
				CLANG_WARN_SUSPICIOUS_MOVE = YES;
				CLANG_WARN_UNGUARDED_AVAILABILITY = YES_AGGRESSIVE;
				CLANG_WARN_UNREACHABLE_CODE = YES;
				CLANG_WARN__DUPLICATE_METHOD_MATCH = YES;
				COPY_PHASE_STRIP = NO;
				DEBUG_INFORMATION_FORMAT = dwarf;
				ENABLE_STRICT_OBJC_MSGSEND = YES;
				ENABLE_TESTABILITY = YES;
				GCC_C_LANGUAGE_STANDARD = gnu11;
				GCC_DYNAMIC_NO_PIC = NO;
				GCC_NO_COMMON_BLOCKS = YES;
				GCC_OPTIMIZATION_LEVEL = 0;
				GCC_PREPROCESSOR_DEFINITIONS = (
					"DEBUG=1",
					"$(inherited)",
				);
				GCC_WARN_64_TO_32_BIT_CONVERSION = YES;
				GCC_WARN_ABOUT_RETURN_TYPE = YES_ERROR;
				GCC_WARN_UNDECLARED_SELECTOR = YES;
				GCC_WARN_UNINITIALIZED_AUTOS = YES_AGGRESSIVE;
				GCC_WARN_UNUSED_FUNCTION = YES;
				GCC_WARN_UNUSED_VARIABLE = YES;
				IPHONEOS_DEPLOYMENT_TARGET = 13.5;
				MTL_ENABLE_DEBUG_INFO = INCLUDE_SOURCE;
				MTL_FAST_MATH = YES;
				ONLY_ACTIVE_ARCH = YES;
				SDKROOT = iphoneos;
				SWIFT_ACTIVE_COMPILATION_CONDITIONS = DEBUG;
				SWIFT_OPTIMIZATION_LEVEL = "-Onone";
			};
			name = Debug;
		};
		F280405E247FF06C002DAF48 /* Release */ = {
			isa = XCBuildConfiguration;
			buildSettings = {
				ALWAYS_SEARCH_USER_PATHS = NO;
				CLANG_ANALYZER_NONNULL = YES;
				CLANG_ANALYZER_NUMBER_OBJECT_CONVERSION = YES_AGGRESSIVE;
				CLANG_CXX_LANGUAGE_STANDARD = "gnu++14";
				CLANG_CXX_LIBRARY = "libc++";
				CLANG_ENABLE_MODULES = YES;
				CLANG_ENABLE_OBJC_ARC = YES;
				CLANG_ENABLE_OBJC_WEAK = YES;
				CLANG_WARN_BLOCK_CAPTURE_AUTORELEASING = YES;
				CLANG_WARN_BOOL_CONVERSION = YES;
				CLANG_WARN_COMMA = YES;
				CLANG_WARN_CONSTANT_CONVERSION = YES;
				CLANG_WARN_DEPRECATED_OBJC_IMPLEMENTATIONS = YES;
				CLANG_WARN_DIRECT_OBJC_ISA_USAGE = YES_ERROR;
				CLANG_WARN_DOCUMENTATION_COMMENTS = YES;
				CLANG_WARN_EMPTY_BODY = YES;
				CLANG_WARN_ENUM_CONVERSION = YES;
				CLANG_WARN_INFINITE_RECURSION = YES;
				CLANG_WARN_INT_CONVERSION = YES;
				CLANG_WARN_NON_LITERAL_NULL_CONVERSION = YES;
				CLANG_WARN_OBJC_IMPLICIT_RETAIN_SELF = YES;
				CLANG_WARN_OBJC_LITERAL_CONVERSION = YES;
				CLANG_WARN_OBJC_ROOT_CLASS = YES_ERROR;
				CLANG_WARN_RANGE_LOOP_ANALYSIS = YES;
				CLANG_WARN_STRICT_PROTOTYPES = YES;
				CLANG_WARN_SUSPICIOUS_MOVE = YES;
				CLANG_WARN_UNGUARDED_AVAILABILITY = YES_AGGRESSIVE;
				CLANG_WARN_UNREACHABLE_CODE = YES;
				CLANG_WARN__DUPLICATE_METHOD_MATCH = YES;
				COPY_PHASE_STRIP = NO;
				DEBUG_INFORMATION_FORMAT = "dwarf-with-dsym";
				ENABLE_NS_ASSERTIONS = NO;
				ENABLE_STRICT_OBJC_MSGSEND = YES;
				GCC_C_LANGUAGE_STANDARD = gnu11;
				GCC_NO_COMMON_BLOCKS = YES;
				GCC_WARN_64_TO_32_BIT_CONVERSION = YES;
				GCC_WARN_ABOUT_RETURN_TYPE = YES_ERROR;
				GCC_WARN_UNDECLARED_SELECTOR = YES;
				GCC_WARN_UNINITIALIZED_AUTOS = YES_AGGRESSIVE;
				GCC_WARN_UNUSED_FUNCTION = YES;
				GCC_WARN_UNUSED_VARIABLE = YES;
				IPHONEOS_DEPLOYMENT_TARGET = 13.5;
				MTL_ENABLE_DEBUG_INFO = NO;
				MTL_FAST_MATH = YES;
				SDKROOT = iphoneos;
				SWIFT_COMPILATION_MODE = wholemodule;
				SWIFT_OPTIMIZATION_LEVEL = "-O";
				VALIDATE_PRODUCT = YES;
			};
			name = Release;
		};
		F2804060247FF06C002DAF48 /* Debug */ = {
			isa = XCBuildConfiguration;
			buildSettings = {
				ASSETCATALOG_COMPILER_APPICON_NAME = AppIcon;
				CODE_SIGN_STYLE = Automatic;
				INFOPLIST_FILE = MoodBoard/Info.plist;
				LD_RUNPATH_SEARCH_PATHS = (
					"$(inherited)",
					"@executable_path/Frameworks",
				);
				PRODUCT_BUNDLE_IDENTIFIER = "Jader-e-Rodrigo.MoodBoard";
				PRODUCT_NAME = LookBoard;
				SWIFT_VERSION = 5.0;
				TARGETED_DEVICE_FAMILY = "1,2";
			};
			name = Debug;
		};
		F2804061247FF06C002DAF48 /* Release */ = {
			isa = XCBuildConfiguration;
			buildSettings = {
				ASSETCATALOG_COMPILER_APPICON_NAME = AppIcon;
				CODE_SIGN_STYLE = Automatic;
				INFOPLIST_FILE = MoodBoard/Info.plist;
				LD_RUNPATH_SEARCH_PATHS = (
					"$(inherited)",
					"@executable_path/Frameworks",
				);
				PRODUCT_BUNDLE_IDENTIFIER = "Jader-e-Rodrigo.MoodBoard";
				PRODUCT_NAME = LookBoard;
				SWIFT_VERSION = 5.0;
				TARGETED_DEVICE_FAMILY = "1,2";
			};
			name = Release;
		};
/* End XCBuildConfiguration section */

/* Begin XCConfigurationList section */
		F2804043247FF069002DAF48 /* Build configuration list for PBXProject "MoodBoard" */ = {
			isa = XCConfigurationList;
			buildConfigurations = (
				F280405D247FF06C002DAF48 /* Debug */,
				F280405E247FF06C002DAF48 /* Release */,
			);
			defaultConfigurationIsVisible = 0;
			defaultConfigurationName = Release;
		};
		F280405F247FF06C002DAF48 /* Build configuration list for PBXNativeTarget "MoodBoard" */ = {
			isa = XCConfigurationList;
			buildConfigurations = (
				F2804060247FF06C002DAF48 /* Debug */,
				F2804061247FF06C002DAF48 /* Release */,
			);
			defaultConfigurationIsVisible = 0;
			defaultConfigurationName = Release;
		};
/* End XCConfigurationList section */

/* Begin XCVersionGroup section */
		F2804054247FF069002DAF48 /* MoodBoard.xcdatamodeld */ = {
			isa = XCVersionGroup;
			children = (
				F2804055247FF069002DAF48 /* MoodBoard.xcdatamodel */,
			);
			currentVersion = F2804055247FF069002DAF48 /* MoodBoard.xcdatamodel */;
			path = MoodBoard.xcdatamodeld;
			sourceTree = "<group>";
			versionGroupType = wrapper.xcdatamodel;
		};
/* End XCVersionGroup section */
	};
	rootObject = F2804040247FF069002DAF48 /* Project object */;
}
